
Microsoft Visual Studio Solution File, Format Version 12.00
# Visual Studio 15
VisualStudioVersion = 15.0.27703.2026
MinimumVisualStudioVersion = 10.0.40219.1
Project("{FAE04EC0-301F-11D3-BF4B-00C04F79EFBC}") = "Task1", "Algorithms\Task1.csproj", "{EDC3BC29-65F8-45A7-A27E-A30A7DA1A687}"
EndProject
Project("{FAE04EC0-301F-11D3-BF4B-00C04F79EFBC}") = "Task2", "Task2\Task2.csproj", "{D011A522-B935-4644-B44E-B62B33AFB65B}"
EndProject
Project("{FAE04EC0-301F-11D3-BF4B-00C04F79EFBC}") = "Task3", "Task3\Task3.csproj", "{C4DF3F99-63A4-438E-916E-B53A814F5CE0}"
EndProject
Global
	GlobalSection(SolutionConfigurationPlatforms) = preSolution
		Debug|Any CPU = Debug|Any CPU
		Release|Any CPU = Release|Any CPU
	EndGlobalSection
	GlobalSection(ProjectConfigurationPlatforms) = postSolution
		{EDC3BC29-65F8-45A7-A27E-A30A7DA1A687}.Debug|Any CPU.ActiveCfg = Debug|Any CPU
		{EDC3BC29-65F8-45A7-A27E-A30A7DA1A687}.Debug|Any CPU.Build.0 = Debug|Any CPU
		{EDC3BC29-65F8-45A7-A27E-A30A7DA1A687}.Release|Any CPU.ActiveCfg = Release|Any CPU
		{EDC3BC29-65F8-45A7-A27E-A30A7DA1A687}.Release|Any CPU.Build.0 = Release|Any CPU
		{D011A522-B935-4644-B44E-B62B33AFB65B}.Debug|Any CPU.ActiveCfg = Debug|Any CPU
		{D011A522-B935-4644-B44E-B62B33AFB65B}.Debug|Any CPU.Build.0 = Debug|Any CPU
		{D011A522-B935-4644-B44E-B62B33AFB65B}.Release|Any CPU.ActiveCfg = Release|Any CPU
		{D011A522-B935-4644-B44E-B62B33AFB65B}.Release|Any CPU.Build.0 = Release|Any CPU
		{C4DF3F99-63A4-438E-916E-B53A814F5CE0}.Debug|Any CPU.ActiveCfg = Debug|Any CPU
		{C4DF3F99-63A4-438E-916E-B53A814F5CE0}.Debug|Any CPU.Build.0 = Debug|Any CPU
		{C4DF3F99-63A4-438E-916E-B53A814F5CE0}.Release|Any CPU.ActiveCfg = Release|Any CPU
		{C4DF3F99-63A4-438E-916E-B53A814F5CE0}.Release|Any CPU.Build.0 = Release|Any CPU
	EndGlobalSection
	GlobalSection(SolutionProperties) = preSolution
		HideSolutionNode = FALSE
	EndGlobalSection
	GlobalSection(ExtensibilityGlobals) = postSolution
		SolutionGuid = {3B4B0AAC-C840-434E-9BFC-2135CC0DEE25}
	EndGlobalSection
EndGlobal
